
Microsoft Visual Studio Solution File, Format Version 12.00
# Visual Studio Version 17
VisualStudioVersion = 17.3.32929.385
MinimumVisualStudioVersion = 10.0.40219.1
Project("{9A19103F-16F7-4668-BE54-9A1E7A4F7556}") = "TranslateOoxml", "TranslateOoxml\TranslateOoxml.csproj", "{1058806E-8A64-4B88-9605-3EC223A11C16}"
EndProject
Project("{9A19103F-16F7-4668-BE54-9A1E7A4F7556}") = "OoxmlTranslatorUnitTests", "TranslateOoxmlUnitTests\OoxmlTranslatorUnitTests.csproj", "{5BF404E5-4C27-4103-B784-5369699C9AE5}"
EndProject
Project("{9A19103F-16F7-4668-BE54-9A1E7A4F7556}") = "OoxmlTranslatorIntegrationTests", "TranslateOoxmlIntegrationTests\OoxmlTranslatorIntegrationTests.csproj", "{A1048CE4-311F-4742-961E-2ADFBED22C80}"
EndProject
Project("{9A19103F-16F7-4668-BE54-9A1E7A4F7556}") = "OoxmlTranslator", "OoxmlTranslator\OoxmlTranslator.csproj", "{1E4EA610-485E-4893-ADD4-EEDD7656D11A}"
EndProject
Project("{9A19103F-16F7-4668-BE54-9A1E7A4F7556}") = "TranslateOoxmlService", "TranslateOoxmlService\TranslateOoxmlService.csproj", "{8125D1DD-F66F-47E6-8F4F-E877DD89C8AC}"
EndProject
Project("{FAE04EC0-301F-11D3-BF4B-00C04F79EFBC}") = "TranslateOoxmlClient", "TranslateOoxmlClient\TranslateOoxmlClient.csproj", "{5A0462C0-6D4A-43D7-A36D-6CA2566C1A20}"
EndProject
Global
	GlobalSection(SolutionConfigurationPlatforms) = preSolution
		Debug|Any CPU = Debug|Any CPU
		Release|Any CPU = Release|Any CPU
	EndGlobalSection
	GlobalSection(ProjectConfigurationPlatforms) = postSolution
		{1058806E-8A64-4B88-9605-3EC223A11C16}.Debug|Any CPU.ActiveCfg = Debug|Any CPU
		{1058806E-8A64-4B88-9605-3EC223A11C16}.Debug|Any CPU.Build.0 = Debug|Any CPU
		{1058806E-8A64-4B88-9605-3EC223A11C16}.Release|Any CPU.ActiveCfg = Release|Any CPU
		{1058806E-8A64-4B88-9605-3EC223A11C16}.Release|Any CPU.Build.0 = Release|Any CPU
		{5BF404E5-4C27-4103-B784-5369699C9AE5}.Debug|Any CPU.ActiveCfg = Debug|Any CPU
		{5BF404E5-4C27-4103-B784-5369699C9AE5}.Debug|Any CPU.Build.0 = Debug|Any CPU
		{5BF404E5-4C27-4103-B784-5369699C9AE5}.Release|Any CPU.ActiveCfg = Release|Any CPU
		{5BF404E5-4C27-4103-B784-5369699C9AE5}.Release|Any CPU.Build.0 = Release|Any CPU
		{A1048CE4-311F-4742-961E-2ADFBED22C80}.Debug|Any CPU.ActiveCfg = Debug|Any CPU
		{A1048CE4-311F-4742-961E-2ADFBED22C80}.Debug|Any CPU.Build.0 = Debug|Any CPU
		{A1048CE4-311F-4742-961E-2ADFBED22C80}.Release|Any CPU.ActiveCfg = Release|Any CPU
		{A1048CE4-311F-4742-961E-2ADFBED22C80}.Release|Any CPU.Build.0 = Release|Any CPU
		{1E4EA610-485E-4893-ADD4-EEDD7656D11A}.Debug|Any CPU.ActiveCfg = Debug|Any CPU
		{1E4EA610-485E-4893-ADD4-EEDD7656D11A}.Debug|Any CPU.Build.0 = Debug|Any CPU
		{1E4EA610-485E-4893-ADD4-EEDD7656D11A}.Release|Any CPU.ActiveCfg = Release|Any CPU
		{1E4EA610-485E-4893-ADD4-EEDD7656D11A}.Release|Any CPU.Build.0 = Release|Any CPU
		{8125D1DD-F66F-47E6-8F4F-E877DD89C8AC}.Debug|Any CPU.ActiveCfg = Debug|Any CPU
		{8125D1DD-F66F-47E6-8F4F-E877DD89C8AC}.Debug|Any CPU.Build.0 = Debug|Any CPU
		{8125D1DD-F66F-47E6-8F4F-E877DD89C8AC}.Release|Any CPU.ActiveCfg = Release|Any CPU
		{8125D1DD-F66F-47E6-8F4F-E877DD89C8AC}.Release|Any CPU.Build.0 = Release|Any CPU
		{5A0462C0-6D4A-43D7-A36D-6CA2566C1A20}.Debug|Any CPU.ActiveCfg = Debug|Any CPU
		{5A0462C0-6D4A-43D7-A36D-6CA2566C1A20}.Debug|Any CPU.Build.0 = Debug|Any CPU
		{5A0462C0-6D4A-43D7-A36D-6CA2566C1A20}.Release|Any CPU.ActiveCfg = Release|Any CPU
		{5A0462C0-6D4A-43D7-A36D-6CA2566C1A20}.Release|Any CPU.Build.0 = Release|Any CPU
	EndGlobalSection
	GlobalSection(SolutionProperties) = preSolution
		HideSolutionNode = FALSE
	EndGlobalSection
	GlobalSection(ExtensibilityGlobals) = postSolution
		SolutionGuid = {BB4C5290-2BE5-472F-843D-55D585921A1D}
	EndGlobalSection
EndGlobal
